
Microsoft Visual Studio Solution File, Format Version 12.00
# Visual Studio 15
VisualStudioVersion = 15.0.28307.168
MinimumVisualStudioVersion = 10.0.40219.1
Project("{FAE04EC0-301F-11D3-BF4B-00C04F79EFBC}") = "GeneratorForStupidPasswords", "GeneratorForStupidPasswords\GeneratorForStupidPasswords.csproj", "{C158D6DF-AE6C-4591-946E-3465F1C8D08E}"
EndProject
Global
	GlobalSection(SolutionConfigurationPlatforms) = preSolution
		Debug|Any CPU = Debug|Any CPU
		Release|Any CPU = Release|Any CPU
	EndGlobalSection
	GlobalSection(ProjectConfigurationPlatforms) = postSolution
		{C158D6DF-AE6C-4591-946E-3465F1C8D08E}.Debug|Any CPU.ActiveCfg = Debug|Any CPU
		{C158D6DF-AE6C-4591-946E-3465F1C8D08E}.Debug|Any CPU.Build.0 = Debug|Any CPU
		{C158D6DF-AE6C-4591-946E-3465F1C8D08E}.Release|Any CPU.ActiveCfg = Release|Any CPU
		{C158D6DF-AE6C-4591-946E-3465F1C8D08E}.Release|Any CPU.Build.0 = Release|Any CPU
	EndGlobalSection
	GlobalSection(SolutionProperties) = preSolution
		HideSolutionNode = FALSE
	EndGlobalSection
	GlobalSection(ExtensibilityGlobals) = postSolution
		SolutionGuid = {C11606CB-C1FC-4B84-A291-BB73EA8C1946}
	EndGlobalSection
EndGlobal
